// !$*UTF8*$!
{
	archiveVersion = 1;
	classes = {
	};
	objectVersion = 48;
	objects = {

/* Begin PBXBuildFile section */
		246A46A5207C9DAD00E2035D /* TZBNetRequest.m in Sources */ = {isa = PBXBuildFile; fileRef = 246A46A4207C9DAD00E2035D /* TZBNetRequest.m */; };
		246DF24B207DAA8D0010545D /* TZBNetTool.m in Sources */ = {isa = PBXBuildFile; fileRef = 246DF24A207DAA8D0010545D /* TZBNetTool.m */; };
		246DF24F207DDC280010545D /* Reachability.m in Sources */ = {isa = PBXBuildFile; fileRef = 246DF24E207DDC280010545D /* Reachability.m */; };
		246DF250207DDC280010545D /* Reachability.m in Sources */ = {isa = PBXBuildFile; fileRef = 246DF24E207DDC280010545D /* Reachability.m */; };
		246DF251207DDC280010545D /* Reachability.m in Sources */ = {isa = PBXBuildFile; fileRef = 246DF24E207DDC280010545D /* Reachability.m */; };
		246DF257207E01360010545D /* TZBNetRequest.m in Sources */ = {isa = PBXBuildFile; fileRef = 246A46A4207C9DAD00E2035D /* TZBNetRequest.m */; };
		246DF258207E01370010545D /* TZBNetRequest.m in Sources */ = {isa = PBXBuildFile; fileRef = 246A46A4207C9DAD00E2035D /* TZBNetRequest.m */; };
		246DF259207E013A0010545D /* TZBNetTool.m in Sources */ = {isa = PBXBuildFile; fileRef = 246DF24A207DAA8D0010545D /* TZBNetTool.m */; };
		246DF25A207E013A0010545D /* TZBNetTool.m in Sources */ = {isa = PBXBuildFile; fileRef = 246DF24A207DAA8D0010545D /* TZBNetTool.m */; };
		24900E89209B6066000D1394 /* YZFMDB.m in Sources */ = {isa = PBXBuildFile; fileRef = 24900E80209B6065000D1394 /* YZFMDB.m */; };
		24900E8A209B6066000D1394 /* YZFMDB.m in Sources */ = {isa = PBXBuildFile; fileRef = 24900E80209B6065000D1394 /* YZFMDB.m */; };
		24900E8B209B6066000D1394 /* YZFMDB.m in Sources */ = {isa = PBXBuildFile; fileRef = 24900E80209B6065000D1394 /* YZFMDB.m */; };
		24900E8C209B6066000D1394 /* NSObject+YZDBModel.m in Sources */ = {isa = PBXBuildFile; fileRef = 24900E81209B6065000D1394 /* NSObject+YZDBModel.m */; };
		24900E8D209B6066000D1394 /* NSObject+YZDBModel.m in Sources */ = {isa = PBXBuildFile; fileRef = 24900E81209B6065000D1394 /* NSObject+YZDBModel.m */; };
		24900E8E209B6066000D1394 /* NSObject+YZDBModel.m in Sources */ = {isa = PBXBuildFile; fileRef = 24900E81209B6065000D1394 /* NSObject+YZDBModel.m */; };
		24900E8F209B6066000D1394 /* User.m in Sources */ = {isa = PBXBuildFile; fileRef = 24900E85209B6065000D1394 /* User.m */; };
		24900E90209B6066000D1394 /* User.m in Sources */ = {isa = PBXBuildFile; fileRef = 24900E85209B6065000D1394 /* User.m */; };
		24900E91209B6066000D1394 /* User.m in Sources */ = {isa = PBXBuildFile; fileRef = 24900E85209B6065000D1394 /* User.m */; };
		24900E92209B6066000D1394 /* Student.m in Sources */ = {isa = PBXBuildFile; fileRef = 24900E86209B6065000D1394 /* Student.m */; };
		24900E93209B6066000D1394 /* Student.m in Sources */ = {isa = PBXBuildFile; fileRef = 24900E86209B6065000D1394 /* Student.m */; };
		24900E94209B6066000D1394 /* Student.m in Sources */ = {isa = PBXBuildFile; fileRef = 24900E86209B6065000D1394 /* Student.m */; };
		24D5107A207EFA77005F4970 /* NSUserDefaultTool.m in Sources */ = {isa = PBXBuildFile; fileRef = 24D51079207EFA77005F4970 /* NSUserDefaultTool.m */; };
		24D5107B207EFA77005F4970 /* NSUserDefaultTool.m in Sources */ = {isa = PBXBuildFile; fileRef = 24D51079207EFA77005F4970 /* NSUserDefaultTool.m */; };
		24D5107C207EFA77005F4970 /* NSUserDefaultTool.m in Sources */ = {isa = PBXBuildFile; fileRef = 24D51079207EFA77005F4970 /* NSUserDefaultTool.m */; };
		24D51081207EFF29005F4970 /* KeyChainTool.m in Sources */ = {isa = PBXBuildFile; fileRef = 24D51080207EFF29005F4970 /* KeyChainTool.m */; };
		24D51082207EFF29005F4970 /* KeyChainTool.m in Sources */ = {isa = PBXBuildFile; fileRef = 24D51080207EFF29005F4970 /* KeyChainTool.m */; };
		24D51083207EFF29005F4970 /* KeyChainTool.m in Sources */ = {isa = PBXBuildFile; fileRef = 24D51080207EFF29005F4970 /* KeyChainTool.m */; };
		24D51086207F27D0005F4970 /* PassworkTool.m in Sources */ = {isa = PBXBuildFile; fileRef = 24D51085207F27D0005F4970 /* PassworkTool.m */; };
		24D51087207F27D0005F4970 /* PassworkTool.m in Sources */ = {isa = PBXBuildFile; fileRef = 24D51085207F27D0005F4970 /* PassworkTool.m */; };
		24D51088207F27D0005F4970 /* PassworkTool.m in Sources */ = {isa = PBXBuildFile; fileRef = 24D51085207F27D0005F4970 /* PassworkTool.m */; };
		24D5108C207F2ADE005F4970 /* KeyArchiveTool.m in Sources */ = {isa = PBXBuildFile; fileRef = 24D5108B207F2ADE005F4970 /* KeyArchiveTool.m */; };
		24D5108D207F2ADE005F4970 /* KeyArchiveTool.m in Sources */ = {isa = PBXBuildFile; fileRef = 24D5108B207F2ADE005F4970 /* KeyArchiveTool.m */; };
		24D5108E207F2ADE005F4970 /* KeyArchiveTool.m in Sources */ = {isa = PBXBuildFile; fileRef = 24D5108B207F2ADE005F4970 /* KeyArchiveTool.m */; };
		24E42E39200B4E6200025EFA /* AppDelegate.m in Sources */ = {isa = PBXBuildFile; fileRef = 24E42E38200B4E6200025EFA /* AppDelegate.m */; };
		24E42E3C200B4E6200025EFA /* ViewController.m in Sources */ = {isa = PBXBuildFile; fileRef = 24E42E3B200B4E6200025EFA /* ViewController.m */; };
		24E42E3F200B4E6200025EFA /* Main.storyboard in Resources */ = {isa = PBXBuildFile; fileRef = 24E42E3D200B4E6200025EFA /* Main.storyboard */; };
		24E42E41200B4E6200025EFA /* Assets.xcassets in Resources */ = {isa = PBXBuildFile; fileRef = 24E42E40200B4E6200025EFA /* Assets.xcassets */; };
		24E42E44200B4E6200025EFA /* LaunchScreen.storyboard in Resources */ = {isa = PBXBuildFile; fileRef = 24E42E42200B4E6200025EFA /* LaunchScreen.storyboard */; };
		24E42E47200B4E6200025EFA /* main.m in Sources */ = {isa = PBXBuildFile; fileRef = 24E42E46200B4E6200025EFA /* main.m */; };
		24E42E51200B4E6200025EFA /* iosTechRepostitoryTests.m in Sources */ = {isa = PBXBuildFile; fileRef = 24E42E50200B4E6200025EFA /* iosTechRepostitoryTests.m */; };
		24E42E5C200B4E6200025EFA /* iosTechRepostitoryUITests.m in Sources */ = {isa = PBXBuildFile; fileRef = 24E42E5B200B4E6200025EFA /* iosTechRepostitoryUITests.m */; };
		2653CEDDE02170B56CD575D6 /* libPods-iosTechRepostitoryTests.a in Frameworks */ = {isa = PBXBuildFile; fileRef = 61C281A8FD240A6A060767B5 /* libPods-iosTechRepostitoryTests.a */; };
		748BC82C5AD7B0DF32EBFBFA /* libPods-iosTechRepostitory.a in Frameworks */ = {isa = PBXBuildFile; fileRef = 943107B0E7A30B914CCA5C8C /* libPods-iosTechRepostitory.a */; };
		81A2EEF921787C1A00144CCE /* BIDashBoard.m in Sources */ = {isa = PBXBuildFile; fileRef = 81A2EEF521787C1A00144CCE /* BIDashBoard.m */; };
		81A2EEFA21787C1A00144CCE /* BILineChart.m in Sources */ = {isa = PBXBuildFile; fileRef = 81A2EEF721787C1A00144CCE /* BILineChart.m */; };
		81A2EEFB21787C1A00144CCE /* BITemperatureDashBoard.m in Sources */ = {isa = PBXBuildFile; fileRef = 81A2EEF821787C1A00144CCE /* BITemperatureDashBoard.m */; };
		81A2EF0121787CED00144CCE /* RectangleIndicatorView.m in Sources */ = {isa = PBXBuildFile; fileRef = 81A2EEFF21787CED00144CCE /* RectangleIndicatorView.m */; };
		81A2EF0221787CED00144CCE /* CircleIndicatorView.m in Sources */ = {isa = PBXBuildFile; fileRef = 81A2EF0021787CED00144CCE /* CircleIndicatorView.m */; };
		81BECB2220B4FF2400FEBCD2 /* TZBNetRequestTests.m in Sources */ = {isa = PBXBuildFile; fileRef = 81BECB2120B4FF2400FEBCD2 /* TZBNetRequestTests.m */; };
		9267AC0D200DEFAA005F25A0 /* SGQRCodeTool.m in Sources */ = {isa = PBXBuildFile; fileRef = 9267AC0C200DEFAA005F25A0 /* SGQRCodeTool.m */; };
		9267AC11200DF393005F25A0 /* ZJQRCodeScanner.m in Sources */ = {isa = PBXBuildFile; fileRef = 9267AC0F200DF393005F25A0 /* ZJQRCodeScanner.m */; };
		A31A741EF6F4C572EFB194AC /* libPods-iosTechRepostitoryUITests.a in Frameworks */ = {isa = PBXBuildFile; fileRef = 14A7822A5D93BACBEA52E0B3 /* libPods-iosTechRepostitoryUITests.a */; };
/* End PBXBuildFile section */

/* Begin PBXContainerItemProxy section */
		24E42E4D200B4E6200025EFA /* PBXContainerItemProxy */ = {
			isa = PBXContainerItemProxy;
			containerPortal = 24E42E2C200B4E6200025EFA /* Project object */;
			proxyType = 1;
			remoteGlobalIDString = 24E42E33200B4E6200025EFA;
			remoteInfo = iosTechRepostitory;
		};
		24E42E58200B4E6200025EFA /* PBXContainerItemProxy */ = {
			isa = PBXContainerItemProxy;
			containerPortal = 24E42E2C200B4E6200025EFA /* Project object */;
			proxyType = 1;
			remoteGlobalIDString = 24E42E33200B4E6200025EFA;
			remoteInfo = iosTechRepostitory;
		};
/* End PBXContainerItemProxy section */

/* Begin PBXFileReference section */
		14A7822A5D93BACBEA52E0B3 /* libPods-iosTechRepostitoryUITests.a */ = {isa = PBXFileReference; explicitFileType = archive.ar; includeInIndex = 0; path = "libPods-iosTechRepostitoryUITests.a"; sourceTree = BUILT_PRODUCTS_DIR; };
		246A46A3207C9DAD00E2035D /* TZBNetRequest.h */ = {isa = PBXFileReference; lastKnownFileType = sourcecode.c.h; path = TZBNetRequest.h; sourceTree = "<group>"; };
		246A46A4207C9DAD00E2035D /* TZBNetRequest.m */ = {isa = PBXFileReference; lastKnownFileType = sourcecode.c.objc; path = TZBNetRequest.m; sourceTree = "<group>"; };
		246DF249207DAA8D0010545D /* TZBNetTool.h */ = {isa = PBXFileReference; lastKnownFileType = sourcecode.c.h; path = TZBNetTool.h; sourceTree = "<group>"; };
		246DF24A207DAA8D0010545D /* TZBNetTool.m */ = {isa = PBXFileReference; lastKnownFileType = sourcecode.c.objc; path = TZBNetTool.m; sourceTree = "<group>"; };
		246DF24C207DBF130010545D /* TZBNetRequestCallback.h */ = {isa = PBXFileReference; lastKnownFileType = sourcecode.c.h; path = TZBNetRequestCallback.h; sourceTree = "<group>"; };
		246DF24D207DDC280010545D /* Reachability.h */ = {isa = PBXFileReference; fileEncoding = 4; lastKnownFileType = sourcecode.c.h; path = Reachability.h; sourceTree = "<group>"; };
		246DF24E207DDC280010545D /* Reachability.m */ = {isa = PBXFileReference; fileEncoding = 4; lastKnownFileType = sourcecode.c.objc; path = Reachability.m; sourceTree = "<group>"; };
		24900E80209B6065000D1394 /* YZFMDB.m */ = {isa = PBXFileReference; fileEncoding = 4; lastKnownFileType = sourcecode.c.objc; path = YZFMDB.m; sourceTree = "<group>"; };
		24900E81209B6065000D1394 /* NSObject+YZDBModel.m */ = {isa = PBXFileReference; fileEncoding = 4; lastKnownFileType = sourcecode.c.objc; path = "NSObject+YZDBModel.m"; sourceTree = "<group>"; };
		24900E82209B6065000D1394 /* YZFMDB.h */ = {isa = PBXFileReference; fileEncoding = 4; lastKnownFileType = sourcecode.c.h; path = YZFMDB.h; sourceTree = "<group>"; };
		24900E83209B6065000D1394 /* NSObject+YZDBModel.h */ = {isa = PBXFileReference; fileEncoding = 4; lastKnownFileType = sourcecode.c.h; path = "NSObject+YZDBModel.h"; sourceTree = "<group>"; };
		24900E85209B6065000D1394 /* User.m */ = {isa = PBXFileReference; fileEncoding = 4; lastKnownFileType = sourcecode.c.objc; path = User.m; sourceTree = "<group>"; };
		24900E86209B6065000D1394 /* Student.m */ = {isa = PBXFileReference; fileEncoding = 4; lastKnownFileType = sourcecode.c.objc; path = Student.m; sourceTree = "<group>"; };
		24900E87209B6065000D1394 /* User.h */ = {isa = PBXFileReference; fileEncoding = 4; lastKnownFileType = sourcecode.c.h; path = User.h; sourceTree = "<group>"; };
		24900E88209B6065000D1394 /* Student.h */ = {isa = PBXFileReference; fileEncoding = 4; lastKnownFileType = sourcecode.c.h; path = Student.h; sourceTree = "<group>"; };
		24D51078207EFA77005F4970 /* NSUserDefaultTool.h */ = {isa = PBXFileReference; lastKnownFileType = sourcecode.c.h; path = NSUserDefaultTool.h; sourceTree = "<group>"; };
		24D51079207EFA77005F4970 /* NSUserDefaultTool.m */ = {isa = PBXFileReference; lastKnownFileType = sourcecode.c.objc; path = NSUserDefaultTool.m; sourceTree = "<group>"; };
		24D5107F207EFF29005F4970 /* KeyChainTool.h */ = {isa = PBXFileReference; lastKnownFileType = sourcecode.c.h; path = KeyChainTool.h; sourceTree = "<group>"; };
		24D51080207EFF29005F4970 /* KeyChainTool.m */ = {isa = PBXFileReference; lastKnownFileType = sourcecode.c.objc; path = KeyChainTool.m; sourceTree = "<group>"; };
		24D51084207F27D0005F4970 /* PassworkTool.h */ = {isa = PBXFileReference; lastKnownFileType = sourcecode.c.h; path = PassworkTool.h; sourceTree = "<group>"; };
		24D51085207F27D0005F4970 /* PassworkTool.m */ = {isa = PBXFileReference; lastKnownFileType = sourcecode.c.objc; path = PassworkTool.m; sourceTree = "<group>"; };
		24D5108A207F2ADE005F4970 /* KeyArchiveTool.h */ = {isa = PBXFileReference; lastKnownFileType = sourcecode.c.h; path = KeyArchiveTool.h; sourceTree = "<group>"; };
		24D5108B207F2ADE005F4970 /* KeyArchiveTool.m */ = {isa = PBXFileReference; lastKnownFileType = sourcecode.c.objc; path = KeyArchiveTool.m; sourceTree = "<group>"; };
		24E42E34200B4E6200025EFA /* iosTechRepostitory.app */ = {isa = PBXFileReference; explicitFileType = wrapper.application; includeInIndex = 0; path = iosTechRepostitory.app; sourceTree = BUILT_PRODUCTS_DIR; };
		24E42E37200B4E6200025EFA /* AppDelegate.h */ = {isa = PBXFileReference; lastKnownFileType = sourcecode.c.h; path = AppDelegate.h; sourceTree = "<group>"; };
		24E42E38200B4E6200025EFA /* AppDelegate.m */ = {isa = PBXFileReference; lastKnownFileType = sourcecode.c.objc; path = AppDelegate.m; sourceTree = "<group>"; };
		24E42E3A200B4E6200025EFA /* ViewController.h */ = {isa = PBXFileReference; lastKnownFileType = sourcecode.c.h; path = ViewController.h; sourceTree = "<group>"; };
		24E42E3B200B4E6200025EFA /* ViewController.m */ = {isa = PBXFileReference; lastKnownFileType = sourcecode.c.objc; path = ViewController.m; sourceTree = "<group>"; };
		24E42E3E200B4E6200025EFA /* Base */ = {isa = PBXFileReference; lastKnownFileType = file.storyboard; name = Base; path = Base.lproj/Main.storyboard; sourceTree = "<group>"; };
		24E42E40200B4E6200025EFA /* Assets.xcassets */ = {isa = PBXFileReference; lastKnownFileType = folder.assetcatalog; path = Assets.xcassets; sourceTree = "<group>"; };
		24E42E43200B4E6200025EFA /* Base */ = {isa = PBXFileReference; lastKnownFileType = file.storyboard; name = Base; path = Base.lproj/LaunchScreen.storyboard; sourceTree = "<group>"; };
		24E42E45200B4E6200025EFA /* Info.plist */ = {isa = PBXFileReference; lastKnownFileType = text.plist.xml; path = Info.plist; sourceTree = "<group>"; };
		24E42E46200B4E6200025EFA /* main.m */ = {isa = PBXFileReference; lastKnownFileType = sourcecode.c.objc; path = main.m; sourceTree = "<group>"; };
		24E42E4C200B4E6200025EFA /* iosTechRepostitoryTests.xctest */ = {isa = PBXFileReference; explicitFileType = wrapper.cfbundle; includeInIndex = 0; path = iosTechRepostitoryTests.xctest; sourceTree = BUILT_PRODUCTS_DIR; };
		24E42E50200B4E6200025EFA /* iosTechRepostitoryTests.m */ = {isa = PBXFileReference; lastKnownFileType = sourcecode.c.objc; path = iosTechRepostitoryTests.m; sourceTree = "<group>"; };
		24E42E52200B4E6200025EFA /* Info.plist */ = {isa = PBXFileReference; lastKnownFileType = text.plist.xml; path = Info.plist; sourceTree = "<group>"; };
		24E42E57200B4E6200025EFA /* iosTechRepostitoryUITests.xctest */ = {isa = PBXFileReference; explicitFileType = wrapper.cfbundle; includeInIndex = 0; path = iosTechRepostitoryUITests.xctest; sourceTree = BUILT_PRODUCTS_DIR; };
		24E42E5B200B4E6200025EFA /* iosTechRepostitoryUITests.m */ = {isa = PBXFileReference; lastKnownFileType = sourcecode.c.objc; path = iosTechRepostitoryUITests.m; sourceTree = "<group>"; };
		24E42E5D200B4E6200025EFA /* Info.plist */ = {isa = PBXFileReference; lastKnownFileType = text.plist.xml; path = Info.plist; sourceTree = "<group>"; };
		3A54A16AF3A58E5050EEDE3B /* Pods-iosTechRepostitoryUITests.release.xcconfig */ = {isa = PBXFileReference; includeInIndex = 1; lastKnownFileType = text.xcconfig; name = "Pods-iosTechRepostitoryUITests.release.xcconfig"; path = "Pods/Target Support Files/Pods-iosTechRepostitoryUITests/Pods-iosTechRepostitoryUITests.release.xcconfig"; sourceTree = "<group>"; };
		4009D56C1C4A95E93B2A2263 /* Pods-iosTechRepostitoryTests.debug.xcconfig */ = {isa = PBXFileReference; includeInIndex = 1; lastKnownFileType = text.xcconfig; name = "Pods-iosTechRepostitoryTests.debug.xcconfig"; path = "Pods/Target Support Files/Pods-iosTechRepostitoryTests/Pods-iosTechRepostitoryTests.debug.xcconfig"; sourceTree = "<group>"; };
		61C281A8FD240A6A060767B5 /* libPods-iosTechRepostitoryTests.a */ = {isa = PBXFileReference; explicitFileType = archive.ar; includeInIndex = 0; path = "libPods-iosTechRepostitoryTests.a"; sourceTree = BUILT_PRODUCTS_DIR; };
		81A2EEF321787C1A00144CCE /* BITemperatureDashBoard.h */ = {isa = PBXFileReference; fileEncoding = 4; lastKnownFileType = sourcecode.c.h; path = BITemperatureDashBoard.h; sourceTree = "<group>"; };
		81A2EEF421787C1A00144CCE /* BIDashBoard.h */ = {isa = PBXFileReference; fileEncoding = 4; lastKnownFileType = sourcecode.c.h; path = BIDashBoard.h; sourceTree = "<group>"; };
		81A2EEF521787C1A00144CCE /* BIDashBoard.m */ = {isa = PBXFileReference; fileEncoding = 4; lastKnownFileType = sourcecode.c.objc; path = BIDashBoard.m; sourceTree = "<group>"; };
		81A2EEF621787C1A00144CCE /* BILineChart.h */ = {isa = PBXFileReference; fileEncoding = 4; lastKnownFileType = sourcecode.c.h; path = BILineChart.h; sourceTree = "<group>"; };
		81A2EEF721787C1A00144CCE /* BILineChart.m */ = {isa = PBXFileReference; fileEncoding = 4; lastKnownFileType = sourcecode.c.objc; path = BILineChart.m; sourceTree = "<group>"; };
		81A2EEF821787C1A00144CCE /* BITemperatureDashBoard.m */ = {isa = PBXFileReference; fileEncoding = 4; lastKnownFileType = sourcecode.c.objc; path = BITemperatureDashBoard.m; sourceTree = "<group>"; };
		81A2EEFD21787CED00144CCE /* RectangleIndicatorView.h */ = {isa = PBXFileReference; fileEncoding = 4; lastKnownFileType = sourcecode.c.h; path = RectangleIndicatorView.h; sourceTree = "<group>"; };
		81A2EEFE21787CED00144CCE /* CircleIndicatorView.h */ = {isa = PBXFileReference; fileEncoding = 4; lastKnownFileType = sourcecode.c.h; path = CircleIndicatorView.h; sourceTree = "<group>"; };
		81A2EEFF21787CED00144CCE /* RectangleIndicatorView.m */ = {isa = PBXFileReference; fileEncoding = 4; lastKnownFileType = sourcecode.c.objc; path = RectangleIndicatorView.m; sourceTree = "<group>"; };
		81A2EF0021787CED00144CCE /* CircleIndicatorView.m */ = {isa = PBXFileReference; fileEncoding = 4; lastKnownFileType = sourcecode.c.objc; path = CircleIndicatorView.m; sourceTree = "<group>"; };
		81BECB2120B4FF2400FEBCD2 /* TZBNetRequestTests.m */ = {isa = PBXFileReference; lastKnownFileType = sourcecode.c.objc; path = TZBNetRequestTests.m; sourceTree = "<group>"; };
		89CB19B4283088A68E53E60B /* Pods-iosTechRepostitoryTests.release.xcconfig */ = {isa = PBXFileReference; includeInIndex = 1; lastKnownFileType = text.xcconfig; name = "Pods-iosTechRepostitoryTests.release.xcconfig"; path = "Pods/Target Support Files/Pods-iosTechRepostitoryTests/Pods-iosTechRepostitoryTests.release.xcconfig"; sourceTree = "<group>"; };
		9115FA34D57B003CB5D458E7 /* Pods-iosTechRepostitory.debug.xcconfig */ = {isa = PBXFileReference; includeInIndex = 1; lastKnownFileType = text.xcconfig; name = "Pods-iosTechRepostitory.debug.xcconfig"; path = "Pods/Target Support Files/Pods-iosTechRepostitory/Pods-iosTechRepostitory.debug.xcconfig"; sourceTree = "<group>"; };
		9267AC0B200DEFAA005F25A0 /* SGQRCodeTool.h */ = {isa = PBXFileReference; fileEncoding = 4; lastKnownFileType = sourcecode.c.h; path = SGQRCodeTool.h; sourceTree = "<group>"; };
		9267AC0C200DEFAA005F25A0 /* SGQRCodeTool.m */ = {isa = PBXFileReference; fileEncoding = 4; lastKnownFileType = sourcecode.c.objc; path = SGQRCodeTool.m; sourceTree = "<group>"; };
		9267AC0F200DF393005F25A0 /* ZJQRCodeScanner.m */ = {isa = PBXFileReference; fileEncoding = 4; lastKnownFileType = sourcecode.c.objc; path = ZJQRCodeScanner.m; sourceTree = "<group>"; };
		9267AC10200DF393005F25A0 /* ZJQRCodeScanner.h */ = {isa = PBXFileReference; fileEncoding = 4; lastKnownFileType = sourcecode.c.h; path = ZJQRCodeScanner.h; sourceTree = "<group>"; };
		9267AC12200DF45C005F25A0 /* PrefixHeader.pch */ = {isa = PBXFileReference; lastKnownFileType = sourcecode.c.h; path = PrefixHeader.pch; sourceTree = "<group>"; };
		943107B0E7A30B914CCA5C8C /* libPods-iosTechRepostitory.a */ = {isa = PBXFileReference; explicitFileType = archive.ar; includeInIndex = 0; path = "libPods-iosTechRepostitory.a"; sourceTree = BUILT_PRODUCTS_DIR; };
		C46C7CB81488C3DC3C0FF230 /* Pods-iosTechRepostitoryUITests.debug.xcconfig */ = {isa = PBXFileReference; includeInIndex = 1; lastKnownFileType = text.xcconfig; name = "Pods-iosTechRepostitoryUITests.debug.xcconfig"; path = "Pods/Target Support Files/Pods-iosTechRepostitoryUITests/Pods-iosTechRepostitoryUITests.debug.xcconfig"; sourceTree = "<group>"; };
		E4B2123349B25D9B91F5433B /* Pods-iosTechRepostitory.release.xcconfig */ = {isa = PBXFileReference; includeInIndex = 1; lastKnownFileType = text.xcconfig; name = "Pods-iosTechRepostitory.release.xcconfig"; path = "Pods/Target Support Files/Pods-iosTechRepostitory/Pods-iosTechRepostitory.release.xcconfig"; sourceTree = "<group>"; };
/* End PBXFileReference section */

/* Begin PBXFrameworksBuildPhase section */
		24E42E31200B4E6200025EFA /* Frameworks */ = {
			isa = PBXFrameworksBuildPhase;
			buildActionMask = 2147483647;
			files = (
				748BC82C5AD7B0DF32EBFBFA /* libPods-iosTechRepostitory.a in Frameworks */,
			);
			runOnlyForDeploymentPostprocessing = 0;
		};
		24E42E49200B4E6200025EFA /* Frameworks */ = {
			isa = PBXFrameworksBuildPhase;
			buildActionMask = 2147483647;
			files = (
				2653CEDDE02170B56CD575D6 /* libPods-iosTechRepostitoryTests.a in Frameworks */,
			);
			runOnlyForDeploymentPostprocessing = 0;
		};
		24E42E54200B4E6200025EFA /* Frameworks */ = {
			isa = PBXFrameworksBuildPhase;
			buildActionMask = 2147483647;
			files = (
				A31A741EF6F4C572EFB194AC /* libPods-iosTechRepostitoryUITests.a in Frameworks */,
			);
			runOnlyForDeploymentPostprocessing = 0;
		};
/* End PBXFrameworksBuildPhase section */

/* Begin PBXGroup section */
		246A46A1207C9C7100E2035D /* NetRequest(网络请求) */ = {
			isa = PBXGroup;
			children = (
				24D51076207EF7CF005F4970 /* 分散调用 */,
				246DF24D207DDC280010545D /* Reachability.h */,
				246DF24E207DDC280010545D /* Reachability.m */,
				246A46A2207C9D6D00E2035D /* 集中调用 */,
			);
			path = "NetRequest(网络请求)";
			sourceTree = "<group>";
		};
		246A46A2207C9D6D00E2035D /* 集中调用 */ = {
			isa = PBXGroup;
			children = (
				246A46A3207C9DAD00E2035D /* TZBNetRequest.h */,
				246A46A4207C9DAD00E2035D /* TZBNetRequest.m */,
				246DF249207DAA8D0010545D /* TZBNetTool.h */,
				246DF24A207DAA8D0010545D /* TZBNetTool.m */,
				246DF24C207DBF130010545D /* TZBNetRequestCallback.h */,
			);
			path = "集中调用";
			sourceTree = "<group>";
		};
		24900E7F209B6065000D1394 /* YZDB */ = {
			isa = PBXGroup;
			children = (
				24900E82209B6065000D1394 /* YZFMDB.h */,
				24900E80209B6065000D1394 /* YZFMDB.m */,
				24900E81209B6065000D1394 /* NSObject+YZDBModel.m */,
				24900E83209B6065000D1394 /* NSObject+YZDBModel.h */,
			);
			path = YZDB;
			sourceTree = "<group>";
		};
		24900E84209B6065000D1394 /* TestModel */ = {
			isa = PBXGroup;
			children = (
				24900E85209B6065000D1394 /* User.m */,
				24900E86209B6065000D1394 /* Student.m */,
				24900E87209B6065000D1394 /* User.h */,
				24900E88209B6065000D1394 /* Student.h */,
			);
			path = TestModel;
			sourceTree = "<group>";
		};
		24D51076207EF7CF005F4970 /* 分散调用 */ = {
			isa = PBXGroup;
			children = (
			);
			path = "分散调用";
			sourceTree = "<group>";
		};
		24D51077207EFA06005F4970 /* DataStore */ = {
			isa = PBXGroup;
			children = (
				24900E84209B6065000D1394 /* TestModel */,
				24900E7F209B6065000D1394 /* YZDB */,
				24D51089207F29C8005F4970 /* KeyArchive */,
				24D5107E207EFEAC005F4970 /* KeyChain */,
				24D5107D207EFE9D005F4970 /* UserDefault */,
			);
			path = DataStore;
			sourceTree = "<group>";
		};
		24D5107D207EFE9D005F4970 /* UserDefault */ = {
			isa = PBXGroup;
			children = (
				24D51078207EFA77005F4970 /* NSUserDefaultTool.h */,
				24D51079207EFA77005F4970 /* NSUserDefaultTool.m */,
			);
			path = UserDefault;
			sourceTree = "<group>";
		};
		24D5107E207EFEAC005F4970 /* KeyChain */ = {
			isa = PBXGroup;
			children = (
				24D5107F207EFF29005F4970 /* KeyChainTool.h */,
				24D51080207EFF29005F4970 /* KeyChainTool.m */,
				24D51084207F27D0005F4970 /* PassworkTool.h */,
				24D51085207F27D0005F4970 /* PassworkTool.m */,
			);
			path = KeyChain;
			sourceTree = "<group>";
		};
		24D51089207F29C8005F4970 /* KeyArchive */ = {
			isa = PBXGroup;
			children = (
				24D5108A207F2ADE005F4970 /* KeyArchiveTool.h */,
				24D5108B207F2ADE005F4970 /* KeyArchiveTool.m */,
			);
			path = KeyArchive;
			sourceTree = "<group>";
		};
		24E42E2B200B4E6200025EFA = {
			isa = PBXGroup;
			children = (
				D33358C2B04BA7CE90ADDDAD /* Frameworks */,
				24E42E36200B4E6200025EFA /* iosTechRepostitory */,
				24E42E4F200B4E6200025EFA /* iosTechRepostitoryTests */,
				24E42E5A200B4E6200025EFA /* iosTechRepostitoryUITests */,
				5C35645060893822695CF377 /* Pods */,
				9267AC12200DF45C005F25A0 /* PrefixHeader.pch */,
				24E42E35200B4E6200025EFA /* Products */,
			);
			sourceTree = "<group>";
		};
		24E42E35200B4E6200025EFA /* Products */ = {
			isa = PBXGroup;
			children = (
				24E42E34200B4E6200025EFA /* iosTechRepostitory.app */,
				24E42E4C200B4E6200025EFA /* iosTechRepostitoryTests.xctest */,
				24E42E57200B4E6200025EFA /* iosTechRepostitoryUITests.xctest */,
			);
			name = Products;
			sourceTree = "<group>";
		};
		24E42E36200B4E6200025EFA /* iosTechRepostitory */ = {
			isa = PBXGroup;
			children = (
				81B93E56215DC6C900E9DA5E /* chart */,
				9267AC08200DEF3E005F25A0 /* tool */,
				24E42E37200B4E6200025EFA /* AppDelegate.h */,
				24E42E38200B4E6200025EFA /* AppDelegate.m */,
				24E42E3A200B4E6200025EFA /* ViewController.h */,
				24E42E3B200B4E6200025EFA /* ViewController.m */,
				24E42E3D200B4E6200025EFA /* Main.storyboard */,
				24E42E40200B4E6200025EFA /* Assets.xcassets */,
				24E42E42200B4E6200025EFA /* LaunchScreen.storyboard */,
				24E42E45200B4E6200025EFA /* Info.plist */,
				24E42E46200B4E6200025EFA /* main.m */,
			);
			path = iosTechRepostitory;
			sourceTree = "<group>";
		};
		24E42E4F200B4E6200025EFA /* iosTechRepostitoryTests */ = {
			isa = PBXGroup;
			children = (
				24E42E50200B4E6200025EFA /* iosTechRepostitoryTests.m */,
				24E42E52200B4E6200025EFA /* Info.plist */,
				81BECB2120B4FF2400FEBCD2 /* TZBNetRequestTests.m */,
			);
			path = iosTechRepostitoryTests;
			sourceTree = "<group>";
		};
		24E42E5A200B4E6200025EFA /* iosTechRepostitoryUITests */ = {
			isa = PBXGroup;
			children = (
				24E42E5B200B4E6200025EFA /* iosTechRepostitoryUITests.m */,
				24E42E5D200B4E6200025EFA /* Info.plist */,
			);
			path = iosTechRepostitoryUITests;
			sourceTree = "<group>";
		};
		5C35645060893822695CF377 /* Pods */ = {
			isa = PBXGroup;
			children = (
				9115FA34D57B003CB5D458E7 /* Pods-iosTechRepostitory.debug.xcconfig */,
				E4B2123349B25D9B91F5433B /* Pods-iosTechRepostitory.release.xcconfig */,
				4009D56C1C4A95E93B2A2263 /* Pods-iosTechRepostitoryTests.debug.xcconfig */,
				89CB19B4283088A68E53E60B /* Pods-iosTechRepostitoryTests.release.xcconfig */,
				C46C7CB81488C3DC3C0FF230 /* Pods-iosTechRepostitoryUITests.debug.xcconfig */,
				3A54A16AF3A58E5050EEDE3B /* Pods-iosTechRepostitoryUITests.release.xcconfig */,
			);
			name = Pods;
			sourceTree = "<group>";
		};
		81A2EEFC21787CED00144CCE /* IndicatorView */ = {
			isa = PBXGroup;
			children = (
				81A2EEFD21787CED00144CCE /* RectangleIndicatorView.h */,
				81A2EEFE21787CED00144CCE /* CircleIndicatorView.h */,
				81A2EEFF21787CED00144CCE /* RectangleIndicatorView.m */,
				81A2EF0021787CED00144CCE /* CircleIndicatorView.m */,
			);
			path = IndicatorView;
			sourceTree = "<group>";
		};
		81B93E56215DC6C900E9DA5E /* chart */ = {
			isa = PBXGroup;
			children = (
				81A2EEFC21787CED00144CCE /* IndicatorView */,
				81A2EEF421787C1A00144CCE /* BIDashBoard.h */,
				81A2EEF521787C1A00144CCE /* BIDashBoard.m */,
				81A2EEF621787C1A00144CCE /* BILineChart.h */,
				81A2EEF721787C1A00144CCE /* BILineChart.m */,
				81A2EEF321787C1A00144CCE /* BITemperatureDashBoard.h */,
				81A2EEF821787C1A00144CCE /* BITemperatureDashBoard.m */,
			);
			path = chart;
			sourceTree = "<group>";
		};
		9267AC08200DEF3E005F25A0 /* tool */ = {
			isa = PBXGroup;
			children = (
				24D51077207EFA06005F4970 /* DataStore */,
				246A46A1207C9C7100E2035D /* NetRequest(网络请求) */,
				9267AC09200DEF4A005F25A0 /* 二维码 */,
			);
			path = tool;
			sourceTree = "<group>";
		};
		9267AC09200DEF4A005F25A0 /* 二维码 */ = {
			isa = PBXGroup;
			children = (
				9267AC0E200DF373005F25A0 /* 二维码扫描 */,
				9267AC0A200DEF86005F25A0 /* 二维码生成 */,
			);
			path = "二维码";
			sourceTree = "<group>";
		};
		9267AC0A200DEF86005F25A0 /* 二维码生成 */ = {
			isa = PBXGroup;
			children = (
				9267AC0B200DEFAA005F25A0 /* SGQRCodeTool.h */,
				9267AC0C200DEFAA005F25A0 /* SGQRCodeTool.m */,
			);
			path = "二维码生成";
			sourceTree = "<group>";
		};
		9267AC0E200DF373005F25A0 /* 二维码扫描 */ = {
			isa = PBXGroup;
			children = (
				9267AC10200DF393005F25A0 /* ZJQRCodeScanner.h */,
				9267AC0F200DF393005F25A0 /* ZJQRCodeScanner.m */,
			);
			path = "二维码扫描";
			sourceTree = "<group>";
		};
		D33358C2B04BA7CE90ADDDAD /* Frameworks */ = {
			isa = PBXGroup;
			children = (
				943107B0E7A30B914CCA5C8C /* libPods-iosTechRepostitory.a */,
				61C281A8FD240A6A060767B5 /* libPods-iosTechRepostitoryTests.a */,
				14A7822A5D93BACBEA52E0B3 /* libPods-iosTechRepostitoryUITests.a */,
			);
			name = Frameworks;
			sourceTree = "<group>";
		};
/* End PBXGroup section */

/* Begin PBXNativeTarget section */
		24E42E33200B4E6200025EFA /* iosTechRepostitory */ = {
			isa = PBXNativeTarget;
			buildConfigurationList = 24E42E60200B4E6200025EFA /* Build configuration list for PBXNativeTarget "iosTechRepostitory" */;
			buildPhases = (
				5C5C6D02C7FED738A5AFA8AC /* [CP] Check Pods Manifest.lock */,
				24E42E30200B4E6200025EFA /* Sources */,
				24E42E31200B4E6200025EFA /* Frameworks */,
				24E42E32200B4E6200025EFA /* Resources */,
				DDE8668C4FCF7E76738FF29E /* [CP] Embed Pods Frameworks */,
				0189646BFE98488823F083F9 /* [CP] Copy Pods Resources */,
			);
			buildRules = (
			);
			dependencies = (
			);
			name = iosTechRepostitory;
			productName = iosTechRepostitory;
			productReference = 24E42E34200B4E6200025EFA /* iosTechRepostitory.app */;
			productType = "com.apple.product-type.application";
		};
		24E42E4B200B4E6200025EFA /* iosTechRepostitoryTests */ = {
			isa = PBXNativeTarget;
			buildConfigurationList = 24E42E63200B4E6200025EFA /* Build configuration list for PBXNativeTarget "iosTechRepostitoryTests" */;
			buildPhases = (
				9466F7B633B1C80F3BE707A7 /* [CP] Check Pods Manifest.lock */,
				24E42E48200B4E6200025EFA /* Sources */,
				24E42E49200B4E6200025EFA /* Frameworks */,
				24E42E4A200B4E6200025EFA /* Resources */,
				21F98EB1288CC5346E607E0D /* [CP] Embed Pods Frameworks */,
				D130882145853601ACFAA0E2 /* [CP] Copy Pods Resources */,
			);
			buildRules = (
			);
			dependencies = (
				24E42E4E200B4E6200025EFA /* PBXTargetDependency */,
			);
			name = iosTechRepostitoryTests;
			productName = iosTechRepostitoryTests;
			productReference = 24E42E4C200B4E6200025EFA /* iosTechRepostitoryTests.xctest */;
			productType = "com.apple.product-type.bundle.unit-test";
		};
		24E42E56200B4E6200025EFA /* iosTechRepostitoryUITests */ = {
			isa = PBXNativeTarget;
			buildConfigurationList = 24E42E66200B4E6200025EFA /* Build configuration list for PBXNativeTarget "iosTechRepostitoryUITests" */;
			buildPhases = (
				3402D76ADE80480F3D615BFA /* [CP] Check Pods Manifest.lock */,
				24E42E53200B4E6200025EFA /* Sources */,
				24E42E54200B4E6200025EFA /* Frameworks */,
				24E42E55200B4E6200025EFA /* Resources */,
				2E451CAF72DB5508CB069C69 /* [CP] Embed Pods Frameworks */,
				60CE8068D6141EA4A531F560 /* [CP] Copy Pods Resources */,
			);
			buildRules = (
			);
			dependencies = (
				24E42E59200B4E6200025EFA /* PBXTargetDependency */,
			);
			name = iosTechRepostitoryUITests;
			productName = iosTechRepostitoryUITests;
			productReference = 24E42E57200B4E6200025EFA /* iosTechRepostitoryUITests.xctest */;
			productType = "com.apple.product-type.bundle.ui-testing";
		};
/* End PBXNativeTarget section */

/* Begin PBXProject section */
		24E42E2C200B4E6200025EFA /* Project object */ = {
			isa = PBXProject;
			attributes = {
				LastUpgradeCheck = 0900;
				ORGANIZATIONNAME = tang;
				TargetAttributes = {
					24E42E33200B4E6200025EFA = {
						CreatedOnToolsVersion = 9.0.1;
						ProvisioningStyle = Manual;
					};
					24E42E4B200B4E6200025EFA = {
						CreatedOnToolsVersion = 9.0.1;
						ProvisioningStyle = Automatic;
						TestTargetID = 24E42E33200B4E6200025EFA;
					};
					24E42E56200B4E6200025EFA = {
						CreatedOnToolsVersion = 9.0.1;
						ProvisioningStyle = Automatic;
						TestTargetID = 24E42E33200B4E6200025EFA;
					};
				};
			};
			buildConfigurationList = 24E42E2F200B4E6200025EFA /* Build configuration list for PBXProject "iosTechRepostitory" */;
			compatibilityVersion = "Xcode 8.0";
			developmentRegion = en;
			hasScannedForEncodings = 0;
			knownRegions = (
				en,
				Base,
			);
			mainGroup = 24E42E2B200B4E6200025EFA;
			productRefGroup = 24E42E35200B4E6200025EFA /* Products */;
			projectDirPath = "";
			projectRoot = "";
			targets = (
				24E42E33200B4E6200025EFA /* iosTechRepostitory */,
				24E42E4B200B4E6200025EFA /* iosTechRepostitoryTests */,
				24E42E56200B4E6200025EFA /* iosTechRepostitoryUITests */,
			);
		};
/* End PBXProject section */

/* Begin PBXResourcesBuildPhase section */
		24E42E32200B4E6200025EFA /* Resources */ = {
			isa = PBXResourcesBuildPhase;
			buildActionMask = 2147483647;
			files = (
				24E42E44200B4E6200025EFA /* LaunchScreen.storyboard in Resources */,
				24E42E41200B4E6200025EFA /* Assets.xcassets in Resources */,
				24E42E3F200B4E6200025EFA /* Main.storyboard in Resources */,
			);
			runOnlyForDeploymentPostprocessing = 0;
		};
		24E42E4A200B4E6200025EFA /* Resources */ = {
			isa = PBXResourcesBuildPhase;
			buildActionMask = 2147483647;
			files = (
			);
			runOnlyForDeploymentPostprocessing = 0;
		};
		24E42E55200B4E6200025EFA /* Resources */ = {
			isa = PBXResourcesBuildPhase;
			buildActionMask = 2147483647;
			files = (
			);
			runOnlyForDeploymentPostprocessing = 0;
		};
/* End PBXResourcesBuildPhase section */

/* Begin PBXShellScriptBuildPhase section */
		0189646BFE98488823F083F9 /* [CP] Copy Pods Resources */ = {
			isa = PBXShellScriptBuildPhase;
			buildActionMask = 2147483647;
			files = (
			);
			inputPaths = (
			);
			name = "[CP] Copy Pods Resources";
			outputPaths = (
			);
			runOnlyForDeploymentPostprocessing = 0;
			shellPath = /bin/sh;
			shellScript = "\"${SRCROOT}/Pods/Target Support Files/Pods-iosTechRepostitory/Pods-iosTechRepostitory-resources.sh\"\n";
			showEnvVarsInLog = 0;
		};
		21F98EB1288CC5346E607E0D /* [CP] Embed Pods Frameworks */ = {
			isa = PBXShellScriptBuildPhase;
			buildActionMask = 2147483647;
			files = (
			);
			inputPaths = (
			);
			name = "[CP] Embed Pods Frameworks";
			outputPaths = (
			);
			runOnlyForDeploymentPostprocessing = 0;
			shellPath = /bin/sh;
			shellScript = "\"${SRCROOT}/Pods/Target Support Files/Pods-iosTechRepostitoryTests/Pods-iosTechRepostitoryTests-frameworks.sh\"\n";
			showEnvVarsInLog = 0;
		};
		2E451CAF72DB5508CB069C69 /* [CP] Embed Pods Frameworks */ = {
			isa = PBXShellScriptBuildPhase;
			buildActionMask = 2147483647;
			files = (
			);
			inputPaths = (
			);
			name = "[CP] Embed Pods Frameworks";
			outputPaths = (
			);
			runOnlyForDeploymentPostprocessing = 0;
			shellPath = /bin/sh;
			shellScript = "\"${SRCROOT}/Pods/Target Support Files/Pods-iosTechRepostitoryUITests/Pods-iosTechRepostitoryUITests-frameworks.sh\"\n";
			showEnvVarsInLog = 0;
		};
		3402D76ADE80480F3D615BFA /* [CP] Check Pods Manifest.lock */ = {
			isa = PBXShellScriptBuildPhase;
			buildActionMask = 2147483647;
			files = (
			);
			inputPaths = (
				"${PODS_PODFILE_DIR_PATH}/Podfile.lock",
				"${PODS_ROOT}/Manifest.lock",
			);
			name = "[CP] Check Pods Manifest.lock";
			outputPaths = (
				"$(DERIVED_FILE_DIR)/Pods-iosTechRepostitoryUITests-checkManifestLockResult.txt",
			);
			runOnlyForDeploymentPostprocessing = 0;
			shellPath = /bin/sh;
			shellScript = "diff \"${PODS_PODFILE_DIR_PATH}/Podfile.lock\" \"${PODS_ROOT}/Manifest.lock\" > /dev/null\nif [ $? != 0 ] ; then\n    # print error to STDERR\n    echo \"error: The sandbox is not in sync with the Podfile.lock. Run 'pod install' or update your CocoaPods installation.\" >&2\n    exit 1\nfi\n# This output is used by Xcode 'outputs' to avoid re-running this script phase.\necho \"SUCCESS\" > \"${SCRIPT_OUTPUT_FILE_0}\"\n";
			showEnvVarsInLog = 0;
		};
		5C5C6D02C7FED738A5AFA8AC /* [CP] Check Pods Manifest.lock */ = {
			isa = PBXShellScriptBuildPhase;
			buildActionMask = 2147483647;
			files = (
			);
			inputPaths = (
				"${PODS_PODFILE_DIR_PATH}/Podfile.lock",
				"${PODS_ROOT}/Manifest.lock",
			);
			name = "[CP] Check Pods Manifest.lock";
			outputPaths = (
				"$(DERIVED_FILE_DIR)/Pods-iosTechRepostitory-checkManifestLockResult.txt",
			);
			runOnlyForDeploymentPostprocessing = 0;
			shellPath = /bin/sh;
			shellScript = "diff \"${PODS_PODFILE_DIR_PATH}/Podfile.lock\" \"${PODS_ROOT}/Manifest.lock\" > /dev/null\nif [ $? != 0 ] ; then\n    # print error to STDERR\n    echo \"error: The sandbox is not in sync with the Podfile.lock. Run 'pod install' or update your CocoaPods installation.\" >&2\n    exit 1\nfi\n# This output is used by Xcode 'outputs' to avoid re-running this script phase.\necho \"SUCCESS\" > \"${SCRIPT_OUTPUT_FILE_0}\"\n";
			showEnvVarsInLog = 0;
		};
		60CE8068D6141EA4A531F560 /* [CP] Copy Pods Resources */ = {
			isa = PBXShellScriptBuildPhase;
			buildActionMask = 2147483647;
			files = (
			);
			inputPaths = (
			);
			name = "[CP] Copy Pods Resources";
			outputPaths = (
			);
			runOnlyForDeploymentPostprocessing = 0;
			shellPath = /bin/sh;
			shellScript = "\"${SRCROOT}/Pods/Target Support Files/Pods-iosTechRepostitoryUITests/Pods-iosTechRepostitoryUITests-resources.sh\"\n";
			showEnvVarsInLog = 0;
		};
		9466F7B633B1C80F3BE707A7 /* [CP] Check Pods Manifest.lock */ = {
			isa = PBXShellScriptBuildPhase;
			buildActionMask = 2147483647;
			files = (
			);
			inputPaths = (
				"${PODS_PODFILE_DIR_PATH}/Podfile.lock",
				"${PODS_ROOT}/Manifest.lock",
			);
			name = "[CP] Check Pods Manifest.lock";
			outputPaths = (
				"$(DERIVED_FILE_DIR)/Pods-iosTechRepostitoryTests-checkManifestLockResult.txt",
			);
			runOnlyForDeploymentPostprocessing = 0;
			shellPath = /bin/sh;
			shellScript = "diff \"${PODS_PODFILE_DIR_PATH}/Podfile.lock\" \"${PODS_ROOT}/Manifest.lock\" > /dev/null\nif [ $? != 0 ] ; then\n    # print error to STDERR\n    echo \"error: The sandbox is not in sync with the Podfile.lock. Run 'pod install' or update your CocoaPods installation.\" >&2\n    exit 1\nfi\n# This output is used by Xcode 'outputs' to avoid re-running this script phase.\necho \"SUCCESS\" > \"${SCRIPT_OUTPUT_FILE_0}\"\n";
			showEnvVarsInLog = 0;
		};
		D130882145853601ACFAA0E2 /* [CP] Copy Pods Resources */ = {
			isa = PBXShellScriptBuildPhase;
			buildActionMask = 2147483647;
			files = (
			);
			inputPaths = (
			);
			name = "[CP] Copy Pods Resources";
			outputPaths = (
			);
			runOnlyForDeploymentPostprocessing = 0;
			shellPath = /bin/sh;
			shellScript = "\"${SRCROOT}/Pods/Target Support Files/Pods-iosTechRepostitoryTests/Pods-iosTechRepostitoryTests-resources.sh\"\n";
			showEnvVarsInLog = 0;
		};
		DDE8668C4FCF7E76738FF29E /* [CP] Embed Pods Frameworks */ = {
			isa = PBXShellScriptBuildPhase;
			buildActionMask = 2147483647;
			files = (
			);
			inputPaths = (
			);
			name = "[CP] Embed Pods Frameworks";
			outputPaths = (
			);
			runOnlyForDeploymentPostprocessing = 0;
			shellPath = /bin/sh;
			shellScript = "\"${SRCROOT}/Pods/Target Support Files/Pods-iosTechRepostitory/Pods-iosTechRepostitory-frameworks.sh\"\n";
			showEnvVarsInLog = 0;
		};
/* End PBXShellScriptBuildPhase section */

/* Begin PBXSourcesBuildPhase section */
		24E42E30200B4E6200025EFA /* Sources */ = {
			isa = PBXSourcesBuildPhase;
			buildActionMask = 2147483647;
			files = (
				24900E8F209B6066000D1394 /* User.m in Sources */,
				24900E92209B6066000D1394 /* Student.m in Sources */,
				24D51081207EFF29005F4970 /* KeyChainTool.m in Sources */,
				81A2EEFA21787C1A00144CCE /* BILineChart.m in Sources */,
				81A2EF0121787CED00144CCE /* RectangleIndicatorView.m in Sources */,
				24E42E3C200B4E6200025EFA /* ViewController.m in Sources */,
				24E42E47200B4E6200025EFA /* main.m in Sources */,
				246DF24F207DDC280010545D /* Reachability.m in Sources */,
				24D5108C207F2ADE005F4970 /* KeyArchiveTool.m in Sources */,
				246DF24B207DAA8D0010545D /* TZBNetTool.m in Sources */,
				24E42E39200B4E6200025EFA /* AppDelegate.m in Sources */,
				9267AC11200DF393005F25A0 /* ZJQRCodeScanner.m in Sources */,
				24D5107A207EFA77005F4970 /* NSUserDefaultTool.m in Sources */,
				24900E8C209B6066000D1394 /* NSObject+YZDBModel.m in Sources */,
				81A2EEFB21787C1A00144CCE /* BITemperatureDashBoard.m in Sources */,
				81A2EEF921787C1A00144CCE /* BIDashBoard.m in Sources */,
				24D51086207F27D0005F4970 /* PassworkTool.m in Sources */,
				81A2EF0221787CED00144CCE /* CircleIndicatorView.m in Sources */,
				24900E89209B6066000D1394 /* YZFMDB.m in Sources */,
				246A46A5207C9DAD00E2035D /* TZBNetRequest.m in Sources */,
				9267AC0D200DEFAA005F25A0 /* SGQRCodeTool.m in Sources */,
			);
			runOnlyForDeploymentPostprocessing = 0;
		};
		24E42E48200B4E6200025EFA /* Sources */ = {
			isa = PBXSourcesBuildPhase;
			buildActionMask = 2147483647;
			files = (
				81BECB2220B4FF2400FEBCD2 /* TZBNetRequestTests.m in Sources */,
				24D51087207F27D0005F4970 /* PassworkTool.m in Sources */,
				24900E93209B6066000D1394 /* Student.m in Sources */,
				24D5108D207F2ADE005F4970 /* KeyArchiveTool.m in Sources */,
				24D5107B207EFA77005F4970 /* NSUserDefaultTool.m in Sources */,
				246DF250207DDC280010545D /* Reachability.m in Sources */,
				246DF259207E013A0010545D /* TZBNetTool.m in Sources */,
				24900E8D209B6066000D1394 /* NSObject+YZDBModel.m in Sources */,
				24D51082207EFF29005F4970 /* KeyChainTool.m in Sources */,
				24900E90209B6066000D1394 /* User.m in Sources */,
				24900E8A209B6066000D1394 /* YZFMDB.m in Sources */,
				246DF257207E01360010545D /* TZBNetRequest.m in Sources */,
				24E42E51200B4E6200025EFA /* iosTechRepostitoryTests.m in Sources */,
			);
			runOnlyForDeploymentPostprocessing = 0;
		};
		24E42E53200B4E6200025EFA /* Sources */ = {
			isa = PBXSourcesBuildPhase;
			buildActionMask = 2147483647;
			files = (
				24D51088207F27D0005F4970 /* PassworkTool.m in Sources */,
				24900E94209B6066000D1394 /* Student.m in Sources */,
				24D5108E207F2ADE005F4970 /* KeyArchiveTool.m in Sources */,
				24D5107C207EFA77005F4970 /* NSUserDefaultTool.m in Sources */,
				246DF251207DDC280010545D /* Reachability.m in Sources */,
				246DF25A207E013A0010545D /* TZBNetTool.m in Sources */,
				24900E8E209B6066000D1394 /* NSObject+YZDBModel.m in Sources */,
				24D51083207EFF29005F4970 /* KeyChainTool.m in Sources */,
				24900E91209B6066000D1394 /* User.m in Sources */,
				24900E8B209B6066000D1394 /* YZFMDB.m in Sources */,
				246DF258207E01370010545D /* TZBNetRequest.m in Sources */,
				24E42E5C200B4E6200025EFA /* iosTechRepostitoryUITests.m in Sources */,
			);
			runOnlyForDeploymentPostprocessing = 0;
		};
/* End PBXSourcesBuildPhase section */

/* Begin PBXTargetDependency section */
		24E42E4E200B4E6200025EFA /* PBXTargetDependency */ = {
			isa = PBXTargetDependency;
			target = 24E42E33200B4E6200025EFA /* iosTechRepostitory */;
			targetProxy = 24E42E4D200B4E6200025EFA /* PBXContainerItemProxy */;
		};
		24E42E59200B4E6200025EFA /* PBXTargetDependency */ = {
			isa = PBXTargetDependency;
			target = 24E42E33200B4E6200025EFA /* iosTechRepostitory */;
			targetProxy = 24E42E58200B4E6200025EFA /* PBXContainerItemProxy */;
		};
/* End PBXTargetDependency section */

/* Begin PBXVariantGroup section */
		24E42E3D200B4E6200025EFA /* Main.storyboard */ = {
			isa = PBXVariantGroup;
			children = (
				24E42E3E200B4E6200025EFA /* Base */,
			);
			name = Main.storyboard;
			sourceTree = "<group>";
		};
		24E42E42200B4E6200025EFA /* LaunchScreen.storyboard */ = {
			isa = PBXVariantGroup;
			children = (
				24E42E43200B4E6200025EFA /* Base */,
			);
			name = LaunchScreen.storyboard;
			sourceTree = "<group>";
		};
/* End PBXVariantGroup section */

/* Begin XCBuildConfiguration section */
		24E42E5E200B4E6200025EFA /* Debug */ = {
			isa = XCBuildConfiguration;
			buildSettings = {
				ALWAYS_SEARCH_USER_PATHS = NO;
				CLANG_ANALYZER_NONNULL = YES;
				CLANG_ANALYZER_NUMBER_OBJECT_CONVERSION = YES_AGGRESSIVE;
				CLANG_CXX_LANGUAGE_STANDARD = "gnu++14";
				CLANG_CXX_LIBRARY = "libc++";
				CLANG_ENABLE_MODULES = YES;
				CLANG_ENABLE_OBJC_ARC = YES;
				CLANG_WARN_BLOCK_CAPTURE_AUTORELEASING = YES;
				CLANG_WARN_BOOL_CONVERSION = YES;
				CLANG_WARN_COMMA = YES;
				CLANG_WARN_CONSTANT_CONVERSION = YES;
				CLANG_WARN_DIRECT_OBJC_ISA_USAGE = YES_ERROR;
				CLANG_WARN_DOCUMENTATION_COMMENTS = YES;
				CLANG_WARN_EMPTY_BODY = YES;
				CLANG_WARN_ENUM_CONVERSION = YES;
				CLANG_WARN_INFINITE_RECURSION = YES;
				CLANG_WARN_INT_CONVERSION = YES;
				CLANG_WARN_NON_LITERAL_NULL_CONVERSION = YES;
				CLANG_WARN_OBJC_LITERAL_CONVERSION = YES;
				CLANG_WARN_OBJC_ROOT_CLASS = YES_ERROR;
				CLANG_WARN_RANGE_LOOP_ANALYSIS = YES;
				CLANG_WARN_STRICT_PROTOTYPES = YES;
				CLANG_WARN_SUSPICIOUS_MOVE = YES;
				CLANG_WARN_UNGUARDED_AVAILABILITY = YES_AGGRESSIVE;
				CLANG_WARN_UNREACHABLE_CODE = YES;
				CLANG_WARN__DUPLICATE_METHOD_MATCH = YES;
				CODE_SIGN_IDENTITY = "iPhone Developer";
				COPY_PHASE_STRIP = NO;
				DEBUG_INFORMATION_FORMAT = dwarf;
				ENABLE_STRICT_OBJC_MSGSEND = YES;
				ENABLE_TESTABILITY = YES;
				GCC_C_LANGUAGE_STANDARD = gnu11;
				GCC_DYNAMIC_NO_PIC = NO;
				GCC_NO_COMMON_BLOCKS = YES;
				GCC_OPTIMIZATION_LEVEL = 0;
				GCC_PREPROCESSOR_DEFINITIONS = (
					"DEBUG=1",
					"$(inherited)",
				);
				GCC_WARN_64_TO_32_BIT_CONVERSION = YES;
				GCC_WARN_ABOUT_RETURN_TYPE = YES_ERROR;
				GCC_WARN_UNDECLARED_SELECTOR = YES;
				GCC_WARN_UNINITIALIZED_AUTOS = YES_AGGRESSIVE;
				GCC_WARN_UNUSED_FUNCTION = YES;
				GCC_WARN_UNUSED_VARIABLE = YES;
				IPHONEOS_DEPLOYMENT_TARGET = 11.0;
				MTL_ENABLE_DEBUG_INFO = YES;
				ONLY_ACTIVE_ARCH = YES;
				SDKROOT = iphoneos;
			};
			name = Debug;
		};
		24E42E5F200B4E6200025EFA /* Release */ = {
			isa = XCBuildConfiguration;
			buildSettings = {
				ALWAYS_SEARCH_USER_PATHS = NO;
				CLANG_ANALYZER_NONNULL = YES;
				CLANG_ANALYZER_NUMBER_OBJECT_CONVERSION = YES_AGGRESSIVE;
				CLANG_CXX_LANGUAGE_STANDARD = "gnu++14";
				CLANG_CXX_LIBRARY = "libc++";
				CLANG_ENABLE_MODULES = YES;
				CLANG_ENABLE_OBJC_ARC = YES;
				CLANG_WARN_BLOCK_CAPTURE_AUTORELEASING = YES;
				CLANG_WARN_BOOL_CONVERSION = YES;
				CLANG_WARN_COMMA = YES;
				CLANG_WARN_CONSTANT_CONVERSION = YES;
				CLANG_WARN_DIRECT_OBJC_ISA_USAGE = YES_ERROR;
				CLANG_WARN_DOCUMENTATION_COMMENTS = YES;
				CLANG_WARN_EMPTY_BODY = YES;
				CLANG_WARN_ENUM_CONVERSION = YES;
				CLANG_WARN_INFINITE_RECURSION = YES;
				CLANG_WARN_INT_CONVERSION = YES;
				CLANG_WARN_NON_LITERAL_NULL_CONVERSION = YES;
				CLANG_WARN_OBJC_LITERAL_CONVERSION = YES;
				CLANG_WARN_OBJC_ROOT_CLASS = YES_ERROR;
				CLANG_WARN_RANGE_LOOP_ANALYSIS = YES;
				CLANG_WARN_STRICT_PROTOTYPES = YES;
				CLANG_WARN_SUSPICIOUS_MOVE = YES;
				CLANG_WARN_UNGUARDED_AVAILABILITY = YES_AGGRESSIVE;
				CLANG_WARN_UNREACHABLE_CODE = YES;
				CLANG_WARN__DUPLICATE_METHOD_MATCH = YES;
				CODE_SIGN_IDENTITY = "iPhone Developer";
				COPY_PHASE_STRIP = NO;
				DEBUG_INFORMATION_FORMAT = "dwarf-with-dsym";
				ENABLE_NS_ASSERTIONS = NO;
				ENABLE_STRICT_OBJC_MSGSEND = YES;
				GCC_C_LANGUAGE_STANDARD = gnu11;
				GCC_NO_COMMON_BLOCKS = YES;
				GCC_WARN_64_TO_32_BIT_CONVERSION = YES;
				GCC_WARN_ABOUT_RETURN_TYPE = YES_ERROR;
				GCC_WARN_UNDECLARED_SELECTOR = YES;
				GCC_WARN_UNINITIALIZED_AUTOS = YES_AGGRESSIVE;
				GCC_WARN_UNUSED_FUNCTION = YES;
				GCC_WARN_UNUSED_VARIABLE = YES;
				IPHONEOS_DEPLOYMENT_TARGET = 11.0;
				MTL_ENABLE_DEBUG_INFO = NO;
				SDKROOT = iphoneos;
				VALIDATE_PRODUCT = YES;
			};
			name = Release;
		};
		24E42E61200B4E6200025EFA /* Debug */ = {
			isa = XCBuildConfiguration;
			baseConfigurationReference = 9115FA34D57B003CB5D458E7 /* Pods-iosTechRepostitory.debug.xcconfig */;
			buildSettings = {
				ASSETCATALOG_COMPILER_APPICON_NAME = AppIcon;
				CODE_SIGN_STYLE = Manual;
				DEVELOPMENT_TEAM = "";
				GCC_PRECOMPILE_PREFIX_HEADER = YES;
				GCC_PREFIX_HEADER = PrefixHeader.pch;
				INFOPLIST_FILE = iosTechRepostitory/Info.plist;
				IPHONEOS_DEPLOYMENT_TARGET = 8.0;
				LD_RUNPATH_SEARCH_PATHS = "$(inherited) @executable_path/Frameworks";
				PRODUCT_BUNDLE_IDENTIFIER = com.tang.iosTechRepostitory;
				PRODUCT_NAME = "$(TARGET_NAME)";
				PROVISIONING_PROFILE_SPECIFIER = "";
				TARGETED_DEVICE_FAMILY = "1,2";
			};
			name = Debug;
		};
		24E42E62200B4E6200025EFA /* Release */ = {
			isa = XCBuildConfiguration;
			baseConfigurationReference = E4B2123349B25D9B91F5433B /* Pods-iosTechRepostitory.release.xcconfig */;
			buildSettings = {
				ASSETCATALOG_COMPILER_APPICON_NAME = AppIcon;
				CODE_SIGN_STYLE = Manual;
				DEVELOPMENT_TEAM = "";
				GCC_PRECOMPILE_PREFIX_HEADER = YES;
				GCC_PREFIX_HEADER = PrefixHeader.pch;
				INFOPLIST_FILE = iosTechRepostitory/Info.plist;
				IPHONEOS_DEPLOYMENT_TARGET = 8.0;
				LD_RUNPATH_SEARCH_PATHS = "$(inherited) @executable_path/Frameworks";
				PRODUCT_BUNDLE_IDENTIFIER = com.tang.iosTechRepostitory;
				PRODUCT_NAME = "$(TARGET_NAME)";
				PROVISIONING_PROFILE_SPECIFIER = "";
				TARGETED_DEVICE_FAMILY = "1,2";
			};
			name = Release;
		};
		24E42E64200B4E6200025EFA /* Debug */ = {
			isa = XCBuildConfiguration;
			baseConfigurationReference = 4009D56C1C4A95E93B2A2263 /* Pods-iosTechRepostitoryTests.debug.xcconfig */;
			buildSettings = {
				BUNDLE_LOADER = "$(TEST_HOST)";
				CODE_SIGN_STYLE = Automatic;
				INFOPLIST_FILE = iosTechRepostitoryTests/Info.plist;
				LD_RUNPATH_SEARCH_PATHS = "$(inherited) @executable_path/Frameworks @loader_path/Frameworks";
				PRODUCT_BUNDLE_IDENTIFIER = com.tang.iosTechRepostitoryTests;
				PRODUCT_NAME = "$(TARGET_NAME)";
				TARGETED_DEVICE_FAMILY = "1,2";
				TEST_HOST = "$(BUILT_PRODUCTS_DIR)/iosTechRepostitory.app/iosTechRepostitory";
			};
			name = Debug;
		};
		24E42E65200B4E6200025EFA /* Release */ = {
			isa = XCBuildConfiguration;
			baseConfigurationReference = 89CB19B4283088A68E53E60B /* Pods-iosTechRepostitoryTests.release.xcconfig */;
			buildSettings = {
				BUNDLE_LOADER = "$(TEST_HOST)";
				CODE_SIGN_STYLE = Automatic;
				INFOPLIST_FILE = iosTechRepostitoryTests/Info.plist;
				LD_RUNPATH_SEARCH_PATHS = "$(inherited) @executable_path/Frameworks @loader_path/Frameworks";
				PRODUCT_BUNDLE_IDENTIFIER = com.tang.iosTechRepostitoryTests;
				PRODUCT_NAME = "$(TARGET_NAME)";
				TARGETED_DEVICE_FAMILY = "1,2";
				TEST_HOST = "$(BUILT_PRODUCTS_DIR)/iosTechRepostitory.app/iosTechRepostitory";
			};
			name = Release;
		};
		24E42E67200B4E6200025EFA /* Debug */ = {
			isa = XCBuildConfiguration;
			baseConfigurationReference = C46C7CB81488C3DC3C0FF230 /* Pods-iosTechRepostitoryUITests.debug.xcconfig */;
			buildSettings = {
				CODE_SIGN_STYLE = Automatic;
				INFOPLIST_FILE = iosTechRepostitoryUITests/Info.plist;
				LD_RUNPATH_SEARCH_PATHS = "$(inherited) @executable_path/Frameworks @loader_path/Frameworks";
				PRODUCT_BUNDLE_IDENTIFIER = com.tang.iosTechRepostitoryUITests;
				PRODUCT_NAME = "$(TARGET_NAME)";
				TARGETED_DEVICE_FAMILY = "1,2";
				TEST_TARGET_NAME = iosTechRepostitory;
			};
			name = Debug;
		};
		24E42E68200B4E6200025EFA /* Release */ = {
			isa = XCBuildConfiguration;
			baseConfigurationReference = 3A54A16AF3A58E5050EEDE3B /* Pods-iosTechRepostitoryUITests.release.xcconfig */;
			buildSettings = {
				CODE_SIGN_STYLE = Automatic;
				INFOPLIST_FILE = iosTechRepostitoryUITests/Info.plist;
				LD_RUNPATH_SEARCH_PATHS = "$(inherited) @executable_path/Frameworks @loader_path/Frameworks";
				PRODUCT_BUNDLE_IDENTIFIER = com.tang.iosTechRepostitoryUITests;
				PRODUCT_NAME = "$(TARGET_NAME)";
				TARGETED_DEVICE_FAMILY = "1,2";
				TEST_TARGET_NAME = iosTechRepostitory;
			};
			name = Release;
		};
/* End XCBuildConfiguration section */

/* Begin XCConfigurationList section */
		24E42E2F200B4E6200025EFA /* Build configuration list for PBXProject "iosTechRepostitory" */ = {
			isa = XCConfigurationList;
			buildConfigurations = (
				24E42E5E200B4E6200025EFA /* Debug */,
				24E42E5F200B4E6200025EFA /* Release */,
			);
			defaultConfigurationIsVisible = 0;
			defaultConfigurationName = Release;
		};
		24E42E60200B4E6200025EFA /* Build configuration list for PBXNativeTarget "iosTechRepostitory" */ = {
			isa = XCConfigurationList;
			buildConfigurations = (
				24E42E61200B4E6200025EFA /* Debug */,
				24E42E62200B4E6200025EFA /* Release */,
			);
			defaultConfigurationIsVisible = 0;
			defaultConfigurationName = Release;
		};
		24E42E63200B4E6200025EFA /* Build configuration list for PBXNativeTarget "iosTechRepostitoryTests" */ = {
			isa = XCConfigurationList;
			buildConfigurations = (
				24E42E64200B4E6200025EFA /* Debug */,
				24E42E65200B4E6200025EFA /* Release */,
			);
			defaultConfigurationIsVisible = 0;
			defaultConfigurationName = Release;
		};
		24E42E66200B4E6200025EFA /* Build configuration list for PBXNativeTarget "iosTechRepostitoryUITests" */ = {
			isa = XCConfigurationList;
			buildConfigurations = (
				24E42E67200B4E6200025EFA /* Debug */,
				24E42E68200B4E6200025EFA /* Release */,
			);
			defaultConfigurationIsVisible = 0;
			defaultConfigurationName = Release;
		};
/* End XCConfigurationList section */
	};
	rootObject = 24E42E2C200B4E6200025EFA /* Project object */;
}
